{
  "name": "strapped",
  "version": "0.1.1",
  "lockfileVersion": 1,
  "requires": true,
  "dependencies": {
    "ezhtml": {
      "version": "0.1.6",
      "resolved": "https://registry.npmjs.org/ezhtml/-/ezhtml-0.1.6.tgz",
      "integrity": "sha512-0+Xw6dyRByIp1UeMf1URHv3ljzLFDHrF3DkXCG637MEH9IZCb0XRgskd+5QEYcSygae5x93MrZ3FApLiYYzmaA=="
    }
  }
}
