{
  "name": "strapped",
  "version": "0.1.0",
  "lockfileVersion": 1,
  "requires": true,
  "dependencies": {
    "ezhtml": {
      "version": "0.1.5",
      "resolved": "https://registry.npmjs.org/ezhtml/-/ezhtml-0.1.5.tgz",
      "integrity": "sha512-1B/WBYJ8dtiFa3ImY8mHUiEt4r9kS/tgZ0G1Oc2/5HTqD51GaPxBJPUE0pPZeCLx4WG8z/OSKJuhfwXorDqMEQ=="
    }
  }
}
