{
  "name": "strapped",
  "version": "0.2.12",
  "lockfileVersion": 1,
  "requires": true,
  "dependencies": {
    "ezhtml": {
      "version": "0.3.1",
      "resolved": "https://registry.npmjs.org/ezhtml/-/ezhtml-0.3.1.tgz",
      "integrity": "sha512-yyRBxV/EIGY5qiUBLqSdZWrc7uCaCNcyCRY+idReQ6hUiYtlzEz4h69cZn076ALhM6sTNnXSlek019sXyMR2JA=="
    },
    "object-assign": {
      "version": "4.1.1",
      "resolved": "https://registry.npmjs.org/object-assign/-/object-assign-4.1.1.tgz",
      "integrity": "sha1-IQmtx5ZYh8/AXLvUQsrIv7s2CGM="
    },
    "octicons": {
      "version": "7.2.0",
      "resolved": "https://registry.npmjs.org/octicons/-/octicons-7.2.0.tgz",
      "integrity": "sha512-d7JFtVoeK07Anp0wRvZ7GJ+eCW5hGRvrGJn7wt64NnpaZdxlvDBFwnafLbljZoNnXCdlpgFoZz9yD+NLw1gXLA==",
      "requires": {
        "object-assign": "^4.1.1"
      }
    }
  }
}
